
Microsoft Visual Studio Solution File, Format Version 12.00
# Visual Studio Version 17
VisualStudioVersion = 17.11.35312.102
MinimumVisualStudioVersion = 10.0.40219.1
Project("{9A19103F-16F7-4668-BE54-9A1E7A4F7556}") = "F7SPBE_HSZF_2024251.Console", "F7SPBE_HSZF_2024251.Console\F7SPBE_HSZF_2024251.Console.csproj", "{51669E79-7D27-4370-8C44-5A24BC90C014}"
EndProject
Project("{9A19103F-16F7-4668-BE54-9A1E7A4F7556}") = "F7SPBE_HSZF_2024251.Application", "F7SPBE_HSZF_2024251.Application\F7SPBE_HSZF_2024251.Application.csproj", "{F201A9F2-1655-414D-882C-4BEB635D68E9}"
EndProject
Project("{9A19103F-16F7-4668-BE54-9A1E7A4F7556}") = "F7SPBE_HSZF_2024251.Model", "F7SPBE_HSZF_2024251.Model\F7SPBE_HSZF_2024251.Model.csproj", "{19D0FD5E-0C76-42E9-91A4-C8DC72B55EF9}"
EndProject
Project("{2150E333-8FDC-42A3-9474-1A3956D46DE8}") = "Application (Application)", "Application (Application)", "{FFB30BF2-3D1A-4CAA-A9BF-62376405EECA}"
EndProject
Project("{2150E333-8FDC-42A3-9474-1A3956D46DE8}") = "Domain (Model)", "Domain (Model)", "{01231F78-E1F1-41FF-8C11-41C5F5548BDE}"
EndProject
Project("{2150E333-8FDC-42A3-9474-1A3956D46DE8}") = "Infrastructure (MsSql)", "Infrastructure (MsSql)", "{718A3BF0-EBED-46E4-8F38-006FA1DAB8F9}"
EndProject
Project("{2150E333-8FDC-42A3-9474-1A3956D46DE8}") = "Presentation (Console)", "Presentation (Console)", "{FE0CB3A2-8460-490C-8FAC-C3DD7F847967}"
EndProject
Project("{2150E333-8FDC-42A3-9474-1A3956D46DE8}") = "Tests (Test)", "Tests (Test)", "{2D2AAF36-AE60-4914-8427-E0B5CE8A06D0}"
EndProject
Project("{9A19103F-16F7-4668-BE54-9A1E7A4F7556}") = "F7SPBE_HSZF_2024251.Test", "F7SPBE_HSZF_2024251.Test\F7SPBE_HSZF_2024251.Test.csproj", "{0E5AD150-31AB-4D2B-AF1E-89A7F1C84A28}"
EndProject
Project("{FAE04EC0-301F-11D3-BF4B-00C04F79EFBC}") = "F7SPBE_HSZF_2024251.Persistence.MsSql", "F7SPBE_HSZF_2024251.Persistence.MsSql\F7SPBE_HSZF_2024251.Persistence.MsSql.csproj", "{767B294F-5786-4775-9E0E-7AD07428886B}"
EndProject
Global
	GlobalSection(SolutionConfigurationPlatforms) = preSolution
		Debug|Any CPU = Debug|Any CPU
		Release|Any CPU = Release|Any CPU
	EndGlobalSection
	GlobalSection(ProjectConfigurationPlatforms) = postSolution
		{51669E79-7D27-4370-8C44-5A24BC90C014}.Debug|Any CPU.ActiveCfg = Debug|Any CPU
		{51669E79-7D27-4370-8C44-5A24BC90C014}.Debug|Any CPU.Build.0 = Debug|Any CPU
		{51669E79-7D27-4370-8C44-5A24BC90C014}.Release|Any CPU.ActiveCfg = Release|Any CPU
		{51669E79-7D27-4370-8C44-5A24BC90C014}.Release|Any CPU.Build.0 = Release|Any CPU
		{F201A9F2-1655-414D-882C-4BEB635D68E9}.Debug|Any CPU.ActiveCfg = Debug|Any CPU
		{F201A9F2-1655-414D-882C-4BEB635D68E9}.Debug|Any CPU.Build.0 = Debug|Any CPU
		{F201A9F2-1655-414D-882C-4BEB635D68E9}.Release|Any CPU.ActiveCfg = Release|Any CPU
		{F201A9F2-1655-414D-882C-4BEB635D68E9}.Release|Any CPU.Build.0 = Release|Any CPU
		{19D0FD5E-0C76-42E9-91A4-C8DC72B55EF9}.Debug|Any CPU.ActiveCfg = Debug|Any CPU
		{19D0FD5E-0C76-42E9-91A4-C8DC72B55EF9}.Debug|Any CPU.Build.0 = Debug|Any CPU
		{19D0FD5E-0C76-42E9-91A4-C8DC72B55EF9}.Release|Any CPU.ActiveCfg = Release|Any CPU
		{19D0FD5E-0C76-42E9-91A4-C8DC72B55EF9}.Release|Any CPU.Build.0 = Release|Any CPU
		{0E5AD150-31AB-4D2B-AF1E-89A7F1C84A28}.Debug|Any CPU.ActiveCfg = Debug|Any CPU
		{0E5AD150-31AB-4D2B-AF1E-89A7F1C84A28}.Debug|Any CPU.Build.0 = Debug|Any CPU
		{0E5AD150-31AB-4D2B-AF1E-89A7F1C84A28}.Release|Any CPU.ActiveCfg = Release|Any CPU
		{0E5AD150-31AB-4D2B-AF1E-89A7F1C84A28}.Release|Any CPU.Build.0 = Release|Any CPU
		{767B294F-5786-4775-9E0E-7AD07428886B}.Debug|Any CPU.ActiveCfg = Debug|Any CPU
		{767B294F-5786-4775-9E0E-7AD07428886B}.Debug|Any CPU.Build.0 = Debug|Any CPU
		{767B294F-5786-4775-9E0E-7AD07428886B}.Release|Any CPU.ActiveCfg = Release|Any CPU
		{767B294F-5786-4775-9E0E-7AD07428886B}.Release|Any CPU.Build.0 = Release|Any CPU
	EndGlobalSection
	GlobalSection(SolutionProperties) = preSolution
		HideSolutionNode = FALSE
	EndGlobalSection
	GlobalSection(NestedProjects) = preSolution
		{51669E79-7D27-4370-8C44-5A24BC90C014} = {FE0CB3A2-8460-490C-8FAC-C3DD7F847967}
		{F201A9F2-1655-414D-882C-4BEB635D68E9} = {FFB30BF2-3D1A-4CAA-A9BF-62376405EECA}
		{19D0FD5E-0C76-42E9-91A4-C8DC72B55EF9} = {01231F78-E1F1-41FF-8C11-41C5F5548BDE}
		{0E5AD150-31AB-4D2B-AF1E-89A7F1C84A28} = {2D2AAF36-AE60-4914-8427-E0B5CE8A06D0}
		{767B294F-5786-4775-9E0E-7AD07428886B} = {718A3BF0-EBED-46E4-8F38-006FA1DAB8F9}
	EndGlobalSection
	GlobalSection(ExtensibilityGlobals) = postSolution
		SolutionGuid = {9F07A646-C400-4338-ABA3-39C473BE3097}
	EndGlobalSection
EndGlobal
